
Microsoft Visual Studio Solution File, Format Version 12.00
# Visual Studio 2012
Project("{FAE04EC0-301F-11D3-BF4B-00C04F79EFBC}") = "Shop_EPR", "Shop_EPR\Shop_EPR.csproj", "{9BD18B9E-D042-44B0-8164-BC975A65DCE2}"
EndProject
Project("{FAE04EC0-301F-11D3-BF4B-00C04F79EFBC}") = "Shop.Common", "Shop.Common\Shop.Common.csproj", "{4DF32763-ECE4-454D-932D-4CE8242D9A4B}"
EndProject
Project("{FAE04EC0-301F-11D3-BF4B-00C04F79EFBC}") = "Shop.DB", "Shop.DB\Shop.DB.csproj", "{82C803B5-43B5-4692-9622-8BB35A163539}"
EndProject
Project("{FAE04EC0-301F-11D3-BF4B-00C04F79EFBC}") = "Shop.Buiness", "Shop.Buiness\Shop.Buiness.csproj", "{C61329C0-A823-4D55-8577-84AAE8916032}"
EndProject
Project("{6141683F-8A12-4E36-9623-2EB02B2C2303}") = "Setup", "Setup\Setup.isproj", "{264EDB5A-FBE2-4DBA-97B9-1F596C249605}"
	ProjectSection(ProjectDependencies) = postProject
		{9BD18B9E-D042-44B0-8164-BC975A65DCE2} = {9BD18B9E-D042-44B0-8164-BC975A65DCE2}
	EndProjectSection
EndProject
Global
	GlobalSection(SolutionConfigurationPlatforms) = preSolution
		CD_ROM|Any CPU = CD_ROM|Any CPU
		Debug|Any CPU = Debug|Any CPU
		DVD-5|Any CPU = DVD-5|Any CPU
		Release|Any CPU = Release|Any CPU
		SingleImage|Any CPU = SingleImage|Any CPU
	EndGlobalSection
	GlobalSection(ProjectConfigurationPlatforms) = postSolution
		{9BD18B9E-D042-44B0-8164-BC975A65DCE2}.CD_ROM|Any CPU.ActiveCfg = Release|Any CPU
		{9BD18B9E-D042-44B0-8164-BC975A65DCE2}.CD_ROM|Any CPU.Build.0 = Release|Any CPU
		{9BD18B9E-D042-44B0-8164-BC975A65DCE2}.Debug|Any CPU.ActiveCfg = Debug|Any CPU
		{9BD18B9E-D042-44B0-8164-BC975A65DCE2}.Debug|Any CPU.Build.0 = Debug|Any CPU
		{9BD18B9E-D042-44B0-8164-BC975A65DCE2}.DVD-5|Any CPU.ActiveCfg = Debug|Any CPU
		{9BD18B9E-D042-44B0-8164-BC975A65DCE2}.DVD-5|Any CPU.Build.0 = Debug|Any CPU
		{9BD18B9E-D042-44B0-8164-BC975A65DCE2}.Release|Any CPU.ActiveCfg = Release|Any CPU
		{9BD18B9E-D042-44B0-8164-BC975A65DCE2}.Release|Any CPU.Build.0 = Release|Any CPU
		{9BD18B9E-D042-44B0-8164-BC975A65DCE2}.SingleImage|Any CPU.ActiveCfg = Debug|Any CPU
		{9BD18B9E-D042-44B0-8164-BC975A65DCE2}.SingleImage|Any CPU.Build.0 = Debug|Any CPU
		{4DF32763-ECE4-454D-932D-4CE8242D9A4B}.CD_ROM|Any CPU.ActiveCfg = Release|Any CPU
		{4DF32763-ECE4-454D-932D-4CE8242D9A4B}.CD_ROM|Any CPU.Build.0 = Release|Any CPU
		{4DF32763-ECE4-454D-932D-4CE8242D9A4B}.Debug|Any CPU.ActiveCfg = Debug|Any CPU
		{4DF32763-ECE4-454D-932D-4CE8242D9A4B}.Debug|Any CPU.Build.0 = Debug|Any CPU
		{4DF32763-ECE4-454D-932D-4CE8242D9A4B}.DVD-5|Any CPU.ActiveCfg = Debug|Any CPU
		{4DF32763-ECE4-454D-932D-4CE8242D9A4B}.DVD-5|Any CPU.Build.0 = Debug|Any CPU
		{4DF32763-ECE4-454D-932D-4CE8242D9A4B}.Release|Any CPU.ActiveCfg = Release|Any CPU
		{4DF32763-ECE4-454D-932D-4CE8242D9A4B}.Release|Any CPU.Build.0 = Release|Any CPU
		{4DF32763-ECE4-454D-932D-4CE8242D9A4B}.SingleImage|Any CPU.ActiveCfg = Debug|Any CPU
		{4DF32763-ECE4-454D-932D-4CE8242D9A4B}.SingleImage|Any CPU.Build.0 = Debug|Any CPU
		{82C803B5-43B5-4692-9622-8BB35A163539}.CD_ROM|Any CPU.ActiveCfg = Release|Any CPU
		{82C803B5-43B5-4692-9622-8BB35A163539}.CD_ROM|Any CPU.Build.0 = Release|Any CPU
		{82C803B5-43B5-4692-9622-8BB35A163539}.Debug|Any CPU.ActiveCfg = Debug|Any CPU
		{82C803B5-43B5-4692-9622-8BB35A163539}.Debug|Any CPU.Build.0 = Debug|Any CPU
		{82C803B5-43B5-4692-9622-8BB35A163539}.DVD-5|Any CPU.ActiveCfg = Debug|Any CPU
		{82C803B5-43B5-4692-9622-8BB35A163539}.DVD-5|Any CPU.Build.0 = Debug|Any CPU
		{82C803B5-43B5-4692-9622-8BB35A163539}.Release|Any CPU.ActiveCfg = Release|Any CPU
		{82C803B5-43B5-4692-9622-8BB35A163539}.Release|Any CPU.Build.0 = Release|Any CPU
		{82C803B5-43B5-4692-9622-8BB35A163539}.SingleImage|Any CPU.ActiveCfg = Debug|Any CPU
		{82C803B5-43B5-4692-9622-8BB35A163539}.SingleImage|Any CPU.Build.0 = Debug|Any CPU
		{C61329C0-A823-4D55-8577-84AAE8916032}.CD_ROM|Any CPU.ActiveCfg = Release|Any CPU
		{C61329C0-A823-4D55-8577-84AAE8916032}.CD_ROM|Any CPU.Build.0 = Release|Any CPU
		{C61329C0-A823-4D55-8577-84AAE8916032}.Debug|Any CPU.ActiveCfg = Debug|Any CPU
		{C61329C0-A823-4D55-8577-84AAE8916032}.Debug|Any CPU.Build.0 = Debug|Any CPU
		{C61329C0-A823-4D55-8577-84AAE8916032}.DVD-5|Any CPU.ActiveCfg = Debug|Any CPU
		{C61329C0-A823-4D55-8577-84AAE8916032}.DVD-5|Any CPU.Build.0 = Debug|Any CPU
		{C61329C0-A823-4D55-8577-84AAE8916032}.Release|Any CPU.ActiveCfg = Release|Any CPU
		{C61329C0-A823-4D55-8577-84AAE8916032}.Release|Any CPU.Build.0 = Release|Any CPU
		{C61329C0-A823-4D55-8577-84AAE8916032}.SingleImage|Any CPU.ActiveCfg = Debug|Any CPU
		{C61329C0-A823-4D55-8577-84AAE8916032}.SingleImage|Any CPU.Build.0 = Debug|Any CPU
		{264EDB5A-FBE2-4DBA-97B9-1F596C249605}.CD_ROM|Any CPU.ActiveCfg = CD_ROM
		{264EDB5A-FBE2-4DBA-97B9-1F596C249605}.CD_ROM|Any CPU.Build.0 = CD_ROM
		{264EDB5A-FBE2-4DBA-97B9-1F596C249605}.Debug|Any CPU.ActiveCfg = DVD-5
		{264EDB5A-FBE2-4DBA-97B9-1F596C249605}.Debug|Any CPU.Build.0 = DVD-5
		{264EDB5A-FBE2-4DBA-97B9-1F596C249605}.DVD-5|Any CPU.ActiveCfg = DVD-5
		{264EDB5A-FBE2-4DBA-97B9-1F596C249605}.DVD-5|Any CPU.Build.0 = DVD-5
		{264EDB5A-FBE2-4DBA-97B9-1F596C249605}.Release|Any CPU.ActiveCfg = SingleImage
		{264EDB5A-FBE2-4DBA-97B9-1F596C249605}.Release|Any CPU.Build.0 = SingleImage
		{264EDB5A-FBE2-4DBA-97B9-1F596C249605}.SingleImage|Any CPU.ActiveCfg = SingleImage
		{264EDB5A-FBE2-4DBA-97B9-1F596C249605}.SingleImage|Any CPU.Build.0 = SingleImage
	EndGlobalSection
	GlobalSection(SolutionProperties) = preSolution
		HideSolutionNode = FALSE
	EndGlobalSection
EndGlobal
